
Microsoft Visual Studio Solution File, Format Version 11.00
# Visual Studio 2010
Project("{FAE04EC0-301F-11D3-BF4B-00C04F79EFBC}") = "BattlemageArena", "BattlemageArena\BattlemageArena.csproj", "{A05D8A68-A0F6-47C6-9410-BB2F4C20AB19}"
EndProject
Project("{FAE04EC0-301F-11D3-BF4B-00C04F79EFBC}") = "BattlemageArenaContent", "BattlemageArenaContent\BattlemageArenaContent.contentproj", "{B38D3692-E875-4F05-9B0C-AD7634FDBAE3}"
EndProject
Global
	GlobalSection(SolutionConfigurationPlatforms) = preSolution
		Debug|x86 = Debug|x86
		Release|x86 = Release|x86
	EndGlobalSection
	GlobalSection(ProjectConfigurationPlatforms) = postSolution
		{A05D8A68-A0F6-47C6-9410-BB2F4C20AB19}.Debug|x86.ActiveCfg = Debug|x86
		{A05D8A68-A0F6-47C6-9410-BB2F4C20AB19}.Debug|x86.Build.0 = Debug|x86
		{A05D8A68-A0F6-47C6-9410-BB2F4C20AB19}.Release|x86.ActiveCfg = Release|x86
		{A05D8A68-A0F6-47C6-9410-BB2F4C20AB19}.Release|x86.Build.0 = Release|x86
		{B38D3692-E875-4F05-9B0C-AD7634FDBAE3}.Debug|x86.ActiveCfg = Debug|x86
		{B38D3692-E875-4F05-9B0C-AD7634FDBAE3}.Release|x86.ActiveCfg = Release|x86
	EndGlobalSection
	GlobalSection(SolutionProperties) = preSolution
		HideSolutionNode = FALSE
	EndGlobalSection
EndGlobal
